
Microsoft Visual Studio Solution File, Format Version 12.00
# Visual Studio Version 16
VisualStudioVersion = 16.0.35826.135
MinimumVisualStudioVersion = 10.0.40219.1
Project("{FAE04EC0-301F-11D3-BF4B-00C04F79EFBC}") = "ToyShop", "ToyShop\ToyShop.csproj", "{2AC22DED-ECD5-4566-A38C-F8D8ED0BE87A}"
EndProject
Global
	GlobalSection(SolutionConfigurationPlatforms) = preSolution
		Debug|Any CPU = Debug|Any CPU
		Release|Any CPU = Release|Any CPU
	EndGlobalSection
	GlobalSection(ProjectConfigurationPlatforms) = postSolution
		{2AC22DED-ECD5-4566-A38C-F8D8ED0BE87A}.Debug|Any CPU.ActiveCfg = Debug|Any CPU
		{2AC22DED-ECD5-4566-A38C-F8D8ED0BE87A}.Debug|Any CPU.Build.0 = Debug|Any CPU
		{2AC22DED-ECD5-4566-A38C-F8D8ED0BE87A}.Release|Any CPU.ActiveCfg = Release|Any CPU
		{2AC22DED-ECD5-4566-A38C-F8D8ED0BE87A}.Release|Any CPU.Build.0 = Release|Any CPU
	EndGlobalSection
	GlobalSection(SolutionProperties) = preSolution
		HideSolutionNode = FALSE
	EndGlobalSection
	GlobalSection(ExtensibilityGlobals) = postSolution
		SolutionGuid = {52F78E1F-0386-442C-8573-023466001C7F}
	EndGlobalSection
EndGlobal
